
Microsoft Visual Studio Solution File, Format Version 12.00
# Visual Studio Version 17
VisualStudioVersion = 17.12.35514.174
MinimumVisualStudioVersion = 10.0.40219.1
Project("{2150E333-8FDC-42A3-9474-1A3956D46DE8}") = "src", "src", "{6FDEDD2B-FAC8-4503-B465-EB1CE85BC954}"
EndProject
Project("{2150E333-8FDC-42A3-9474-1A3956D46DE8}") = "tests", "tests", "{27F3C3DA-4633-498C-B660-A518655F8B59}"
EndProject
Project("{FAE04EC0-301F-11D3-BF4B-00C04F79EFBC}") = "PropostaService.Domain", "PropostaService.Domain\PropostaService.Domain.csproj", "{0CFB2339-A6B1-4E36-8E91-1EF0BE5E8D79}"
EndProject
Project("{FAE04EC0-301F-11D3-BF4B-00C04F79EFBC}") = "PropostaService.Application", "PropostaService.Application\PropostaService.Application.csproj", "{8258B6F7-4F21-4538-9E1F-00A46AFCF9E1}"
EndProject
Project("{FAE04EC0-301F-11D3-BF4B-00C04F79EFBC}") = "PropostaService.Infrastructure", "PropostaService.Infrastructure\PropostaService.Infrastructure.csproj", "{32D67701-3104-434A-9701-6090ABAB836D}"
EndProject
Project("{FAE04EC0-301F-11D3-BF4B-00C04F79EFBC}") = "PropostaService.Api", "PropostaService.Api\PropostaService.Api.csproj", "{8FA6BDF4-5AB4-4063-8327-84F020A80339}"
EndProject
Project("{FAE04EC0-301F-11D3-BF4B-00C04F79EFBC}") = "InsurancePlatform.Shared", "InsurancePlatform.Shared\InsurancePlatform.Shared.csproj", "{C29DA664-20A8-4D0D-85F7-4DD2B7D044D9}"
EndProject
Project("{2150E333-8FDC-42A3-9474-1A3956D46DE8}") = "PropostaService", "PropostaService", "{DEC561C5-4C44-40BF-94E0-DC3FAA2D3F60}"
EndProject
Project("{2150E333-8FDC-42A3-9474-1A3956D46DE8}") = "ContratacaoService", "ContratacaoService", "{4364B98C-466C-4AF0-A40A-38C03DF17C05}"
EndProject
Project("{2150E333-8FDC-42A3-9474-1A3956D46DE8}") = "Shared", "Shared", "{2C9032B8-AA8E-4D53-9A94-6E2389F600F1}"
EndProject
Project("{FAE04EC0-301F-11D3-BF4B-00C04F79EFBC}") = "ContratacaoService.Domain", "ContratacaoService.Domain\ContratacaoService.Domain.csproj", "{96CF27C7-9998-4E6D-A207-7D44C764B375}"
EndProject
Project("{FAE04EC0-301F-11D3-BF4B-00C04F79EFBC}") = "ContratacaoService.Application", "ContratacaoService.Application\ContratacaoService.Application.csproj", "{99EFF133-CF61-4647-ABDF-DCC9ACF53125}"
EndProject
Project("{FAE04EC0-301F-11D3-BF4B-00C04F79EFBC}") = "ContratacaoService.Infrastructure", "ContratacaoService.Infrastructure\ContratacaoService.Infrastructure.csproj", "{3F98CBC4-CC52-4E6A-8BEE-07F44EDA8064}"
EndProject
Project("{FAE04EC0-301F-11D3-BF4B-00C04F79EFBC}") = "InsurancePlatform.Contracts", "InsurancePlatform.Contracts\InsurancePlatform.Contracts.csproj", "{A8EE26CC-B449-4071-B0F7-48624C3DF251}"
EndProject
Project("{FAE04EC0-301F-11D3-BF4B-00C04F79EFBC}") = "ContratacaoService.Api", "ContratacaoService.Api\ContratacaoService.Api.csproj", "{FB5AD286-B658-4404-BA76-D87C70BA0A7A}"
EndProject
Project("{2150E333-8FDC-42A3-9474-1A3956D46DE8}") = "PropostaService", "PropostaService", "{C9EFB680-BD69-4573-8713-F488B3A290FA}"
EndProject
Project("{FAE04EC0-301F-11D3-BF4B-00C04F79EFBC}") = "PropostaService.UnitTests", "PropostaService.UnitTests\PropostaService.UnitTests.csproj", "{16CBE520-0740-4417-B6C6-AE999AAE01FC}"
EndProject
Project("{2150E333-8FDC-42A3-9474-1A3956D46DE8}") = "WebApp", "WebApp", "{B6E4FFD7-7C99-4D1C-85BB-4BAC1EB49804}"
EndProject
Project("{FAE04EC0-301F-11D3-BF4B-00C04F79EFBC}") = "InsurancePlatform.WebApp", "InsurancePlatform.WebApp\InsurancePlatform.WebApp.csproj", "{3F90A620-D743-4C5D-9DA1-3C8BDD0FBAA3}"
EndProject
Project("{FAE04EC0-301F-11D3-BF4B-00C04F79EFBC}") = "ContratacaoService.UnitTests", "ContratacaoService.UnitTests\ContratacaoService.UnitTests.csproj", "{F3822019-767E-4697-AF2C-0E193C9E0B4E}"
EndProject
Global
	GlobalSection(SolutionConfigurationPlatforms) = preSolution
		Debug|Any CPU = Debug|Any CPU
		Release|Any CPU = Release|Any CPU
	EndGlobalSection
	GlobalSection(ProjectConfigurationPlatforms) = postSolution
		{0CFB2339-A6B1-4E36-8E91-1EF0BE5E8D79}.Debug|Any CPU.ActiveCfg = Debug|Any CPU
		{0CFB2339-A6B1-4E36-8E91-1EF0BE5E8D79}.Debug|Any CPU.Build.0 = Debug|Any CPU
		{0CFB2339-A6B1-4E36-8E91-1EF0BE5E8D79}.Release|Any CPU.ActiveCfg = Release|Any CPU
		{0CFB2339-A6B1-4E36-8E91-1EF0BE5E8D79}.Release|Any CPU.Build.0 = Release|Any CPU
		{8258B6F7-4F21-4538-9E1F-00A46AFCF9E1}.Debug|Any CPU.ActiveCfg = Debug|Any CPU
		{8258B6F7-4F21-4538-9E1F-00A46AFCF9E1}.Debug|Any CPU.Build.0 = Debug|Any CPU
		{8258B6F7-4F21-4538-9E1F-00A46AFCF9E1}.Release|Any CPU.ActiveCfg = Release|Any CPU
		{8258B6F7-4F21-4538-9E1F-00A46AFCF9E1}.Release|Any CPU.Build.0 = Release|Any CPU
		{32D67701-3104-434A-9701-6090ABAB836D}.Debug|Any CPU.ActiveCfg = Debug|Any CPU
		{32D67701-3104-434A-9701-6090ABAB836D}.Debug|Any CPU.Build.0 = Debug|Any CPU
		{32D67701-3104-434A-9701-6090ABAB836D}.Release|Any CPU.ActiveCfg = Release|Any CPU
		{32D67701-3104-434A-9701-6090ABAB836D}.Release|Any CPU.Build.0 = Release|Any CPU
		{8FA6BDF4-5AB4-4063-8327-84F020A80339}.Debug|Any CPU.ActiveCfg = Debug|Any CPU
		{8FA6BDF4-5AB4-4063-8327-84F020A80339}.Debug|Any CPU.Build.0 = Debug|Any CPU
		{8FA6BDF4-5AB4-4063-8327-84F020A80339}.Release|Any CPU.ActiveCfg = Release|Any CPU
		{8FA6BDF4-5AB4-4063-8327-84F020A80339}.Release|Any CPU.Build.0 = Release|Any CPU
		{C29DA664-20A8-4D0D-85F7-4DD2B7D044D9}.Debug|Any CPU.ActiveCfg = Debug|Any CPU
		{C29DA664-20A8-4D0D-85F7-4DD2B7D044D9}.Debug|Any CPU.Build.0 = Debug|Any CPU
		{C29DA664-20A8-4D0D-85F7-4DD2B7D044D9}.Release|Any CPU.ActiveCfg = Release|Any CPU
		{C29DA664-20A8-4D0D-85F7-4DD2B7D044D9}.Release|Any CPU.Build.0 = Release|Any CPU
		{96CF27C7-9998-4E6D-A207-7D44C764B375}.Debug|Any CPU.ActiveCfg = Debug|Any CPU
		{96CF27C7-9998-4E6D-A207-7D44C764B375}.Debug|Any CPU.Build.0 = Debug|Any CPU
		{96CF27C7-9998-4E6D-A207-7D44C764B375}.Release|Any CPU.ActiveCfg = Release|Any CPU
		{96CF27C7-9998-4E6D-A207-7D44C764B375}.Release|Any CPU.Build.0 = Release|Any CPU
		{99EFF133-CF61-4647-ABDF-DCC9ACF53125}.Debug|Any CPU.ActiveCfg = Debug|Any CPU
		{99EFF133-CF61-4647-ABDF-DCC9ACF53125}.Debug|Any CPU.Build.0 = Debug|Any CPU
		{99EFF133-CF61-4647-ABDF-DCC9ACF53125}.Release|Any CPU.ActiveCfg = Release|Any CPU
		{99EFF133-CF61-4647-ABDF-DCC9ACF53125}.Release|Any CPU.Build.0 = Release|Any CPU
		{3F98CBC4-CC52-4E6A-8BEE-07F44EDA8064}.Debug|Any CPU.ActiveCfg = Debug|Any CPU
		{3F98CBC4-CC52-4E6A-8BEE-07F44EDA8064}.Debug|Any CPU.Build.0 = Debug|Any CPU
		{3F98CBC4-CC52-4E6A-8BEE-07F44EDA8064}.Release|Any CPU.ActiveCfg = Release|Any CPU
		{3F98CBC4-CC52-4E6A-8BEE-07F44EDA8064}.Release|Any CPU.Build.0 = Release|Any CPU
		{A8EE26CC-B449-4071-B0F7-48624C3DF251}.Debug|Any CPU.ActiveCfg = Debug|Any CPU
		{A8EE26CC-B449-4071-B0F7-48624C3DF251}.Debug|Any CPU.Build.0 = Debug|Any CPU
		{A8EE26CC-B449-4071-B0F7-48624C3DF251}.Release|Any CPU.ActiveCfg = Release|Any CPU
		{A8EE26CC-B449-4071-B0F7-48624C3DF251}.Release|Any CPU.Build.0 = Release|Any CPU
		{FB5AD286-B658-4404-BA76-D87C70BA0A7A}.Debug|Any CPU.ActiveCfg = Debug|Any CPU
		{FB5AD286-B658-4404-BA76-D87C70BA0A7A}.Debug|Any CPU.Build.0 = Debug|Any CPU
		{FB5AD286-B658-4404-BA76-D87C70BA0A7A}.Release|Any CPU.ActiveCfg = Release|Any CPU
		{FB5AD286-B658-4404-BA76-D87C70BA0A7A}.Release|Any CPU.Build.0 = Release|Any CPU
		{16CBE520-0740-4417-B6C6-AE999AAE01FC}.Debug|Any CPU.ActiveCfg = Debug|Any CPU
		{16CBE520-0740-4417-B6C6-AE999AAE01FC}.Debug|Any CPU.Build.0 = Debug|Any CPU
		{16CBE520-0740-4417-B6C6-AE999AAE01FC}.Release|Any CPU.ActiveCfg = Release|Any CPU
		{16CBE520-0740-4417-B6C6-AE999AAE01FC}.Release|Any CPU.Build.0 = Release|Any CPU
		{3F90A620-D743-4C5D-9DA1-3C8BDD0FBAA3}.Debug|Any CPU.ActiveCfg = Debug|Any CPU
		{3F90A620-D743-4C5D-9DA1-3C8BDD0FBAA3}.Debug|Any CPU.Build.0 = Debug|Any CPU
		{3F90A620-D743-4C5D-9DA1-3C8BDD0FBAA3}.Release|Any CPU.ActiveCfg = Release|Any CPU
		{3F90A620-D743-4C5D-9DA1-3C8BDD0FBAA3}.Release|Any CPU.Build.0 = Release|Any CPU
		{F3822019-767E-4697-AF2C-0E193C9E0B4E}.Debug|Any CPU.ActiveCfg = Debug|Any CPU
		{F3822019-767E-4697-AF2C-0E193C9E0B4E}.Debug|Any CPU.Build.0 = Debug|Any CPU
		{F3822019-767E-4697-AF2C-0E193C9E0B4E}.Release|Any CPU.ActiveCfg = Release|Any CPU
		{F3822019-767E-4697-AF2C-0E193C9E0B4E}.Release|Any CPU.Build.0 = Release|Any CPU
	EndGlobalSection
	GlobalSection(SolutionProperties) = preSolution
		HideSolutionNode = FALSE
	EndGlobalSection
	GlobalSection(NestedProjects) = preSolution
		{0CFB2339-A6B1-4E36-8E91-1EF0BE5E8D79} = {DEC561C5-4C44-40BF-94E0-DC3FAA2D3F60}
		{8258B6F7-4F21-4538-9E1F-00A46AFCF9E1} = {DEC561C5-4C44-40BF-94E0-DC3FAA2D3F60}
		{32D67701-3104-434A-9701-6090ABAB836D} = {DEC561C5-4C44-40BF-94E0-DC3FAA2D3F60}
		{8FA6BDF4-5AB4-4063-8327-84F020A80339} = {DEC561C5-4C44-40BF-94E0-DC3FAA2D3F60}
		{C29DA664-20A8-4D0D-85F7-4DD2B7D044D9} = {2C9032B8-AA8E-4D53-9A94-6E2389F600F1}
		{DEC561C5-4C44-40BF-94E0-DC3FAA2D3F60} = {6FDEDD2B-FAC8-4503-B465-EB1CE85BC954}
		{4364B98C-466C-4AF0-A40A-38C03DF17C05} = {6FDEDD2B-FAC8-4503-B465-EB1CE85BC954}
		{2C9032B8-AA8E-4D53-9A94-6E2389F600F1} = {6FDEDD2B-FAC8-4503-B465-EB1CE85BC954}
		{96CF27C7-9998-4E6D-A207-7D44C764B375} = {4364B98C-466C-4AF0-A40A-38C03DF17C05}
		{99EFF133-CF61-4647-ABDF-DCC9ACF53125} = {4364B98C-466C-4AF0-A40A-38C03DF17C05}
		{3F98CBC4-CC52-4E6A-8BEE-07F44EDA8064} = {4364B98C-466C-4AF0-A40A-38C03DF17C05}
		{A8EE26CC-B449-4071-B0F7-48624C3DF251} = {2C9032B8-AA8E-4D53-9A94-6E2389F600F1}
		{FB5AD286-B658-4404-BA76-D87C70BA0A7A} = {4364B98C-466C-4AF0-A40A-38C03DF17C05}
		{C9EFB680-BD69-4573-8713-F488B3A290FA} = {27F3C3DA-4633-498C-B660-A518655F8B59}
		{16CBE520-0740-4417-B6C6-AE999AAE01FC} = {C9EFB680-BD69-4573-8713-F488B3A290FA}
		{B6E4FFD7-7C99-4D1C-85BB-4BAC1EB49804} = {6FDEDD2B-FAC8-4503-B465-EB1CE85BC954}
		{3F90A620-D743-4C5D-9DA1-3C8BDD0FBAA3} = {B6E4FFD7-7C99-4D1C-85BB-4BAC1EB49804}
		{F3822019-767E-4697-AF2C-0E193C9E0B4E} = {C9EFB680-BD69-4573-8713-F488B3A290FA}
	EndGlobalSection
EndGlobal
